
Microsoft Visual Studio Solution File, Format Version 12.00
# Visual Studio Version 17
VisualStudioVersion = 17.3.32929.385
MinimumVisualStudioVersion = 10.0.40219.1
Project("{FAE04EC0-301F-11D3-BF4B-00C04F79EFBC}") = "ATM", "ATM.csproj", "{105706AC-D059-4963-9CAB-37284B82B8F0}"
EndProject
Global
	GlobalSection(SolutionConfigurationPlatforms) = preSolution
		Debug|Any CPU = Debug|Any CPU
		Release|Any CPU = Release|Any CPU
	EndGlobalSection
	GlobalSection(ProjectConfigurationPlatforms) = postSolution
		{105706AC-D059-4963-9CAB-37284B82B8F0}.Debug|Any CPU.ActiveCfg = Debug|Any CPU
		{105706AC-D059-4963-9CAB-37284B82B8F0}.Debug|Any CPU.Build.0 = Debug|Any CPU
		{105706AC-D059-4963-9CAB-37284B82B8F0}.Release|Any CPU.ActiveCfg = Release|Any CPU
		{105706AC-D059-4963-9CAB-37284B82B8F0}.Release|Any CPU.Build.0 = Release|Any CPU
	EndGlobalSection
	GlobalSection(SolutionProperties) = preSolution
		HideSolutionNode = FALSE
	EndGlobalSection
	GlobalSection(ExtensibilityGlobals) = postSolution
		SolutionGuid = {06558198-156C-48A4-84FA-A5F54E644995}
	EndGlobalSection
EndGlobal
